
Microsoft Visual Studio Solution File, Format Version 12.00
# Visual Studio Version 16
VisualStudioVersion = 16.0.30114.105
MinimumVisualStudioVersion = 10.0.40219.1
Project("{FAE04EC0-301F-11D3-BF4B-00C04F79EFBC}") = "Oroujian", "Oroujian\Oroujian.csproj", "{DCC880B6-902F-4048-A3FB-CF26EBE67E0D}"
EndProject
Global
	GlobalSection(SolutionConfigurationPlatforms) = preSolution
		Debug|Any CPU = Debug|Any CPU
		Release|Any CPU = Release|Any CPU
	EndGlobalSection
	GlobalSection(ProjectConfigurationPlatforms) = postSolution
		{DCC880B6-902F-4048-A3FB-CF26EBE67E0D}.Debug|Any CPU.ActiveCfg = Debug|Any CPU
		{DCC880B6-902F-4048-A3FB-CF26EBE67E0D}.Debug|Any CPU.Build.0 = Debug|Any CPU
		{DCC880B6-902F-4048-A3FB-CF26EBE67E0D}.Release|Any CPU.ActiveCfg = Release|Any CPU
		{DCC880B6-902F-4048-A3FB-CF26EBE67E0D}.Release|Any CPU.Build.0 = Release|Any CPU
	EndGlobalSection
	GlobalSection(SolutionProperties) = preSolution
		HideSolutionNode = FALSE
	EndGlobalSection
	GlobalSection(ExtensibilityGlobals) = postSolution
		SolutionGuid = {7910F36D-2858-4084-9DA8-2949DCB74400}
	EndGlobalSection
EndGlobal
